{
  "schema": "engine-lock/v1",
  "project": "ggml-org/llama.cpp",
  "release": "b10011",
  "source_commit": "bf2c86ddc0685f580595954056c2e77ebabfab4f",
  "default_model": "unsloth/Qwen3.6-35B-A3B-MTP-GGUF:UD-Q4_K_M",
  "default_model_artifact": {
    "repository": "unsloth/Qwen3.6-35B-A3B-MTP-GGUF",
    "revision": "5bc3e238d916f48a861bac2f8a1990a0e9b7e98d",
    "filename": "Qwen3.6-35B-A3B-UD-Q4_K_M.gguf",
    "size_bytes": 22663387424,
    "sha256": "0b21525e972670ed59e1812e170b27c26355381f0656ecc4e25617ece7dac58b",
    "mmproj": {
      "filename": "mmproj-BF16.gguf",
      "size_bytes": 902822528,
      "sha256": "da63cb47a76763c712393f8a017070188a304fa39f8aeea6edc629ed7b975cfa"
    }
  },
  "verified_flags": [
    "-c",
    "-fa",
    "-m",
    "-ncmoe",
    "-ngl",
    "-np",
    "--fit",
    "--help",
    "--cors-origins",
    "--host",
    "--jinja",
    "--list-devices",
    "--log-timestamps",
    "--metrics",
    "--mmap",
    "--mmproj",
    "--no-mmproj",
    "--no-webui",
    "--port",
    "--spec-draft-n-max",
    "--spec-type",
    "--temp",
    "--top-k",
    "--top-p",
    "--version",
    "--webui"
  ],
  "version_contract": {
    "args": [
      "--version"
    ],
    "exit_code": 0,
    "output_contains": [
      "version: 10011",
      "bf2c86ddc"
    ]
  },
  "help_contract": {
    "args": [
      "--help"
    ],
    "exit_code": 0,
    "must_list_verified_flags": true
  },
  "command_contract": {
    "model_args": [
      "-m",
      "{model_path}"
    ],
    "context_args": [
      "-c",
      "{ctx}"
    ],
    "sampling_args": {
      "temp": [
        "--temp",
        "{temp}"
      ],
      "top_p": [
        "--top-p",
        "{top_p}"
      ],
      "top_k": [
        "--top-k",
        "{top_k}"
      ]
    },
    "network_args": [
      "--host",
      "127.0.0.1",
      "--port",
      "{port}"
    ],
    "metrics_args": [
      "--metrics"
    ],
    "fixed_args": [
      "--fit",
      "off",
      "-fa",
      "on",
      "--mmap",
      "-np",
      "1",
      "--jinja",
      "--spec-type",
      "draft-mtp",
      "--spec-draft-n-max",
      "2",
      "--cors-origins",
      "localhost",
      "--log-timestamps"
    ],
    "ui_args": {
      "enabled": [
        "--webui"
      ],
      "disabled": [
        "--no-webui"
      ]
    },
    "vision_args": {
      "enabled": [
        "--mmproj",
        "{mmproj}"
      ],
      "disabled": [
        "--no-mmproj"
      ]
    },
    "backend_args": {
      "cuda": [
        "-ngl",
        "99",
        "-ncmoe",
        "{n_cpu_moe}"
      ],
      "cpu": []
    }
  },
  "api_contract": {
    "base_path": "/v1",
    "models_path": "/v1/models",
    "chat_completions_path": "/v1/chat/completions",
    "metrics_path": "/metrics",
    "ui_path": "/"
  },
  "health_contract": {
    "path": "/health",
    "transient_statuses": [
      503
    ],
    "transient_json": {
      "error": {
        "message": "Loading model",
        "type": "unavailable_error",
        "code": 503
      }
    },
    "ready_status": 200,
    "ready_json": {
      "status": "ok"
    }
  },
  "assets_complete": true,
  "assets": [
    {
      "os": "ubuntu",
      "backend": "cpu",
      "role": "server",
      "filename": "llama-b10011-bin-ubuntu-x64.tar.gz",
      "url": "https://github.com/ggml-org/llama.cpp/releases/download/b10011/llama-b10011-bin-ubuntu-x64.tar.gz",
      "sha256": "3cae0a514d2e95062be5b1ca19474446080a1cc12ae5cb1a89d0534bcd013ec1",
      "archive": "tar.gz",
      "executable": "llama-b10011/llama-server"
    },
    {
      "os": "ubuntu",
      "backend": "cuda",
      "role": "source",
      "filename": "bf2c86ddc0685f580595954056c2e77ebabfab4f.tar.gz",
      "url": "https://github.com/ggml-org/llama.cpp/archive/bf2c86ddc0685f580595954056c2e77ebabfab4f.tar.gz",
      "sha256": "8a43d487370d775a4f6a6faa1f27085c51eae13d7d2b9dc403b551966114f397",
      "archive": "tar.gz",
      "executable": "build/bin/llama-server"
    },
    {
      "os": "windows",
      "backend": "cpu",
      "role": "server",
      "filename": "llama-b10011-bin-win-cpu-x64.zip",
      "url": "https://github.com/ggml-org/llama.cpp/releases/download/b10011/llama-b10011-bin-win-cpu-x64.zip",
      "sha256": "5cb0676f1b6341aa1f3144c3d7fd00bd638a0ce676954712444aecd61f71ad36",
      "archive": "zip",
      "executable": "llama-server.exe"
    },
    {
      "os": "windows",
      "backend": "cuda",
      "role": "server",
      "filename": "llama-b10011-bin-win-cuda-13.3-x64.zip",
      "url": "https://github.com/ggml-org/llama.cpp/releases/download/b10011/llama-b10011-bin-win-cuda-13.3-x64.zip",
      "sha256": "2af4f3c1fb42afa85c76a782187444e44f33c08fa31b9000e6baeb18342c6ea2",
      "archive": "zip",
      "executable": "llama-server.exe"
    },
    {
      "os": "windows",
      "backend": "cuda",
      "role": "cuda-runtime",
      "filename": "cudart-llama-bin-win-cuda-13.3-x64.zip",
      "url": "https://github.com/ggml-org/llama.cpp/releases/download/b10011/cudart-llama-bin-win-cuda-13.3-x64.zip",
      "sha256": "1462a050eb4c684921ba51dcc4cc488a036674c3e73e9945ee705b854808d03e",
      "archive": "zip",
      "executable": null
    }
  ]
}
